
Microsoft Visual Studio Solution File, Format Version 12.00
# Visual Studio 2017
Project("{FAE04EC0-301F-11D3-BF4B-00C04F79EFBC}") = "Road Warrior", "Road Warrior.csproj", "{D6B2D26A-AD83-1742-83C7-048541EF19C8}"
EndProject
Project("{FAE04EC0-301F-11D3-BF4B-00C04F79EFBC}") = "Road Warrior.Editor", "Road Warrior.Editor.csproj", "{BB19AEF7-91D0-EF5B-94E8-2219CFF32B72}"
EndProject
Global
	GlobalSection(SolutionConfigurationPlatforms) = preSolution
		Debug|Any CPU = Debug|Any CPU
		Release|Any CPU = Release|Any CPU
	EndGlobalSection
	GlobalSection(ProjectConfigurationPlatforms) = postSolution
		{D6B2D26A-AD83-1742-83C7-048541EF19C8}.Debug|Any CPU.ActiveCfg = Debug|Any CPU
		{D6B2D26A-AD83-1742-83C7-048541EF19C8}.Debug|Any CPU.Build.0 = Debug|Any CPU
		{D6B2D26A-AD83-1742-83C7-048541EF19C8}.Release|Any CPU.ActiveCfg = Release|Any CPU
		{D6B2D26A-AD83-1742-83C7-048541EF19C8}.Release|Any CPU.Build.0 = Release|Any CPU
		{BB19AEF7-91D0-EF5B-94E8-2219CFF32B72}.Debug|Any CPU.ActiveCfg = Debug|Any CPU
		{BB19AEF7-91D0-EF5B-94E8-2219CFF32B72}.Debug|Any CPU.Build.0 = Debug|Any CPU
		{BB19AEF7-91D0-EF5B-94E8-2219CFF32B72}.Release|Any CPU.ActiveCfg = Release|Any CPU
		{BB19AEF7-91D0-EF5B-94E8-2219CFF32B72}.Release|Any CPU.Build.0 = Release|Any CPU
	EndGlobalSection
	GlobalSection(SolutionProperties) = preSolution
		HideSolutionNode = FALSE
	EndGlobalSection
EndGlobal
